// !$*UTF8*$!
{
	archiveVersion = 1;
	classes = {
	};
	objectVersion = 56;
	objects = {

/* Begin PBXBuildFile section */
		BA2F7FA629EFAFC100F1B06A /* ImageDownloadService.swift in Sources */ = {isa = PBXBuildFile; fileRef = BA2F7FA529EFAFC100F1B06A /* ImageDownloadService.swift */; };
		BA2F7FA829EFB02F00F1B06A /* ImageCacheService.swift in Sources */ = {isa = PBXBuildFile; fileRef = BA2F7FA729EFB02F00F1B06A /* ImageCacheService.swift */; };
		BA2F7FAA29EFB08400F1B06A /* BookCellVM.swift in Sources */ = {isa = PBXBuildFile; fileRef = BA2F7FA929EFB08400F1B06A /* BookCellVM.swift */; };
		BA2F7FAC29EFB15200F1B06A /* BookCellVMAssembler.swift in Sources */ = {isa = PBXBuildFile; fileRef = BA2F7FAB29EFB15200F1B06A /* BookCellVMAssembler.swift */; };
		BA2F7FAE29EFB27200F1B06A /* BookCellVMProtocol.swift in Sources */ = {isa = PBXBuildFile; fileRef = BA2F7FAD29EFB27200F1B06A /* BookCellVMProtocol.swift */; };
		BA2F7FB029EFB30100F1B06A /* BookCellImageDownloadServiceProtocol.swift in Sources */ = {isa = PBXBuildFile; fileRef = BA2F7FAF29EFB30100F1B06A /* BookCellImageDownloadServiceProtocol.swift */; };
		BA2F7FB629EFB3F900F1B06A /* ImageDownloadService+BookCell.swift in Sources */ = {isa = PBXBuildFile; fileRef = BA2F7FB529EFB3F900F1B06A /* ImageDownloadService+BookCell.swift */; };
		BA2F7FB829EFB86800F1B06A /* ImageDownloadServiceAssembler.swift in Sources */ = {isa = PBXBuildFile; fileRef = BA2F7FB729EFB86800F1B06A /* ImageDownloadServiceAssembler.swift */; };
		BA2F7FBC29EFC16000F1B06A /* Book.swift in Sources */ = {isa = PBXBuildFile; fileRef = BA2F7FBB29EFC16000F1B06A /* Book.swift */; };
		BA2F7FC329EFD1AC00F1B06A /* URLBuilderService.swift in Sources */ = {isa = PBXBuildFile; fileRef = BA2F7FC229EFD1AB00F1B06A /* URLBuilderService.swift */; };
		BA2F7FC529EFE25600F1B06A /* BookCellURLBuilderProtocol.swift in Sources */ = {isa = PBXBuildFile; fileRef = BA2F7FC429EFE25600F1B06A /* BookCellURLBuilderProtocol.swift */; };
		BA2F7FC729EFE2CF00F1B06A /* URLBuilder+BookTableCell.swift in Sources */ = {isa = PBXBuildFile; fileRef = BA2F7FC629EFE2CF00F1B06A /* URLBuilder+BookTableCell.swift */; };
		BA4645D329EFEDF200F5101F /* BookDetailsImageServiceProtocol.swift in Sources */ = {isa = PBXBuildFile; fileRef = BA4645D229EFEDF200F5101F /* BookDetailsImageServiceProtocol.swift */; };
		BA4645D529EFEE1300F5101F /* ImageDowloadService+BookDetails.swift in Sources */ = {isa = PBXBuildFile; fileRef = BA4645D429EFEE1300F5101F /* ImageDowloadService+BookDetails.swift */; };
		BA4645D729EFF02E00F5101F /* BookDetailsImageDowloadServiceAssembler.swift in Sources */ = {isa = PBXBuildFile; fileRef = BA4645D629EFF02E00F5101F /* BookDetailsImageDowloadServiceAssembler.swift */; };
		BA4645D929EFF09C00F5101F /* URLBuilder+BookDetails.swift in Sources */ = {isa = PBXBuildFile; fileRef = BA4645D829EFF09C00F5101F /* URLBuilder+BookDetails.swift */; };
		BA4645DB29EFF0B300F5101F /* BookDetailsURLBulderProtocol.swift in Sources */ = {isa = PBXBuildFile; fileRef = BA4645DA29EFF0B300F5101F /* BookDetailsURLBulderProtocol.swift */; };
		BA54851929E83EBB0052B9C9 /* AppDelegate.swift in Sources */ = {isa = PBXBuildFile; fileRef = BA54851829E83EBB0052B9C9 /* AppDelegate.swift */; };
		BA54851B29E83EBB0052B9C9 /* SceneDelegate.swift in Sources */ = {isa = PBXBuildFile; fileRef = BA54851A29E83EBB0052B9C9 /* SceneDelegate.swift */; };
		BA54852229E83EC00052B9C9 /* Assets.xcassets in Resources */ = {isa = PBXBuildFile; fileRef = BA54852129E83EC00052B9C9 /* Assets.xcassets */; };
		BA54852529E83EC00052B9C9 /* LaunchScreen.storyboard in Resources */ = {isa = PBXBuildFile; fileRef = BA54852329E83EC00052B9C9 /* LaunchScreen.storyboard */; };
		BA54852D29E83F2E0052B9C9 /* BooksListVC.swift in Sources */ = {isa = PBXBuildFile; fileRef = BA54852C29E83F2E0052B9C9 /* BooksListVC.swift */; };
		BA54853029E83F640052B9C9 /* BooksListVM.swift in Sources */ = {isa = PBXBuildFile; fileRef = BA54852F29E83F640052B9C9 /* BooksListVM.swift */; };
		BA54853229E83F6D0052B9C9 /* BooksListCoordinator.swift in Sources */ = {isa = PBXBuildFile; fileRef = BA54853129E83F6D0052B9C9 /* BooksListCoordinator.swift */; };
		BA54853429E83F7B0052B9C9 /* BooksListAssembler.swift in Sources */ = {isa = PBXBuildFile; fileRef = BA54853329E83F7B0052B9C9 /* BooksListAssembler.swift */; };
		BA54853629E83F9A0052B9C9 /* Coordinator.swift in Sources */ = {isa = PBXBuildFile; fileRef = BA54853529E83F9A0052B9C9 /* Coordinator.swift */; };
		BA54853829E83FA20052B9C9 /* AppCoordinator.swift in Sources */ = {isa = PBXBuildFile; fileRef = BA54853729E83FA20052B9C9 /* AppCoordinator.swift */; };
		BA54853B29E8408B0052B9C9 /* BooksListVMProtocol.swift in Sources */ = {isa = PBXBuildFile; fileRef = BA54853A29E8408B0052B9C9 /* BooksListVMProtocol.swift */; };
		BA54853D29E840950052B9C9 /* BooksListCoordinatorProtocol.swift in Sources */ = {isa = PBXBuildFile; fileRef = BA54853C29E840950052B9C9 /* BooksListCoordinatorProtocol.swift */; };
		BA54853F29E8409E0052B9C9 /* BooksListRootCoordinatorProtocol.swift in Sources */ = {isa = PBXBuildFile; fileRef = BA54853E29E8409E0052B9C9 /* BooksListRootCoordinatorProtocol.swift */; };
		BA54854129E850830052B9C9 /* BooksListVC.xib in Resources */ = {isa = PBXBuildFile; fileRef = BA54854029E850830052B9C9 /* BooksListVC.xib */; };
		BA54854529E874740052B9C9 /* BookTableViewCell.swift in Sources */ = {isa = PBXBuildFile; fileRef = BA54854329E874740052B9C9 /* BookTableViewCell.swift */; };
		BA54854629E874740052B9C9 /* BookTableViewCell.xib in Resources */ = {isa = PBXBuildFile; fileRef = BA54854429E874740052B9C9 /* BookTableViewCell.xib */; };
		BA54854929E8749D0052B9C9 /* NetworkService.swift in Sources */ = {isa = PBXBuildFile; fileRef = BA54854829E8749D0052B9C9 /* NetworkService.swift */; };
		BA54854C29E8949D0052B9C9 /* BooksListNetworkServiceProtocol.swift in Sources */ = {isa = PBXBuildFile; fileRef = BA54854B29E8949D0052B9C9 /* BooksListNetworkServiceProtocol.swift */; };
		BA97FFAA29EC1AD00017DEFE /* BooksListVMDelegate.swift in Sources */ = {isa = PBXBuildFile; fileRef = BA97FFA929EC1AD00017DEFE /* BooksListVMDelegate.swift */; };
		BA97FFAD29EC1C680017DEFE /* BookDetailsCoordinator.swift in Sources */ = {isa = PBXBuildFile; fileRef = BA97FFAC29EC1C680017DEFE /* BookDetailsCoordinator.swift */; };
		BA97FFAF29EC1C720017DEFE /* BookDetailsAssembler.swift in Sources */ = {isa = PBXBuildFile; fileRef = BA97FFAE29EC1C720017DEFE /* BookDetailsAssembler.swift */; };
		BA97FFB129EC1C7A0017DEFE /* BookDetailsVM.swift in Sources */ = {isa = PBXBuildFile; fileRef = BA97FFB029EC1C7A0017DEFE /* BookDetailsVM.swift */; };
		BA97FFB329EC1C800017DEFE /* BookDetailsVC.swift in Sources */ = {isa = PBXBuildFile; fileRef = BA97FFB229EC1C800017DEFE /* BookDetailsVC.swift */; };
		BA97FFB629EC1C940017DEFE /* BookDetailsRootCoordinatorProtocol.swift in Sources */ = {isa = PBXBuildFile; fileRef = BA97FFB529EC1C940017DEFE /* BookDetailsRootCoordinatorProtocol.swift */; };
		BA97FFB829EC1CA10017DEFE /* BookDetailsCoordinatorProtocol.swift in Sources */ = {isa = PBXBuildFile; fileRef = BA97FFB729EC1CA10017DEFE /* BookDetailsCoordinatorProtocol.swift */; };
		BA97FFBA29EC1CB10017DEFE /* BookDetailsVMProtocol.swift in Sources */ = {isa = PBXBuildFile; fileRef = BA97FFB929EC1CB10017DEFE /* BookDetailsVMProtocol.swift */; };
		BA97FFBC29EC1DAC0017DEFE /* BookDetailsVC.xib in Resources */ = {isa = PBXBuildFile; fileRef = BA97FFBB29EC1DAC0017DEFE /* BookDetailsVC.xib */; };
		BA97FFC629EC2B730017DEFE /* NetworkService+BooksList.swift in Sources */ = {isa = PBXBuildFile; fileRef = BA97FFC529EC2B730017DEFE /* NetworkService+BooksList.swift */; };
		BA98AF4B29E9A4A100B0B765 /* BooksListAdapter.swift in Sources */ = {isa = PBXBuildFile; fileRef = BA98AF4A29E9A4A100B0B765 /* BooksListAdapter.swift */; };
		BA98AF4D29E9A4BC00B0B765 /* BooksListAdapterProtocol.swift in Sources */ = {isa = PBXBuildFile; fileRef = BA98AF4C29E9A4BC00B0B765 /* BooksListAdapterProtocol.swift */; };
		BA98AF4F29E9A4FF00B0B765 /* BooksListAdapterActionDelegate.swift in Sources */ = {isa = PBXBuildFile; fileRef = BA98AF4E29E9A4FF00B0B765 /* BooksListAdapterActionDelegate.swift */; };
		BA98AF5129E9AD1D00B0B765 /* BooksModel.swift in Sources */ = {isa = PBXBuildFile; fileRef = BA98AF5029E9AD1D00B0B765 /* BooksModel.swift */; };
/* End PBXBuildFile section */

/* Begin PBXFileReference section */
		BA2F7FA529EFAFC100F1B06A /* ImageDownloadService.swift */ = {isa = PBXFileReference; lastKnownFileType = sourcecode.swift; path = ImageDownloadService.swift; sourceTree = "<group>"; };
		BA2F7FA729EFB02F00F1B06A /* ImageCacheService.swift */ = {isa = PBXFileReference; lastKnownFileType = sourcecode.swift; path = ImageCacheService.swift; sourceTree = "<group>"; };
		BA2F7FA929EFB08400F1B06A /* BookCellVM.swift */ = {isa = PBXFileReference; lastKnownFileType = sourcecode.swift; path = BookCellVM.swift; sourceTree = "<group>"; };
		BA2F7FAB29EFB15200F1B06A /* BookCellVMAssembler.swift */ = {isa = PBXFileReference; lastKnownFileType = sourcecode.swift; path = BookCellVMAssembler.swift; sourceTree = "<group>"; };
		BA2F7FAD29EFB27200F1B06A /* BookCellVMProtocol.swift */ = {isa = PBXFileReference; lastKnownFileType = sourcecode.swift; path = BookCellVMProtocol.swift; sourceTree = "<group>"; };
		BA2F7FAF29EFB30100F1B06A /* BookCellImageDownloadServiceProtocol.swift */ = {isa = PBXFileReference; lastKnownFileType = sourcecode.swift; path = BookCellImageDownloadServiceProtocol.swift; sourceTree = "<group>"; };
		BA2F7FB529EFB3F900F1B06A /* ImageDownloadService+BookCell.swift */ = {isa = PBXFileReference; lastKnownFileType = sourcecode.swift; path = "ImageDownloadService+BookCell.swift"; sourceTree = "<group>"; };
		BA2F7FB729EFB86800F1B06A /* ImageDownloadServiceAssembler.swift */ = {isa = PBXFileReference; lastKnownFileType = sourcecode.swift; path = ImageDownloadServiceAssembler.swift; sourceTree = "<group>"; };
		BA2F7FBB29EFC16000F1B06A /* Book.swift */ = {isa = PBXFileReference; lastKnownFileType = sourcecode.swift; path = Book.swift; sourceTree = "<group>"; };
		BA2F7FC229EFD1AB00F1B06A /* URLBuilderService.swift */ = {isa = PBXFileReference; lastKnownFileType = sourcecode.swift; path = URLBuilderService.swift; sourceTree = "<group>"; };
		BA2F7FC429EFE25600F1B06A /* BookCellURLBuilderProtocol.swift */ = {isa = PBXFileReference; lastKnownFileType = sourcecode.swift; path = BookCellURLBuilderProtocol.swift; sourceTree = "<group>"; };
		BA2F7FC629EFE2CF00F1B06A /* URLBuilder+BookTableCell.swift */ = {isa = PBXFileReference; lastKnownFileType = sourcecode.swift; path = "URLBuilder+BookTableCell.swift"; sourceTree = "<group>"; };
		BA4645D229EFEDF200F5101F /* BookDetailsImageServiceProtocol.swift */ = {isa = PBXFileReference; lastKnownFileType = sourcecode.swift; path = BookDetailsImageServiceProtocol.swift; sourceTree = "<group>"; };
		BA4645D429EFEE1300F5101F /* ImageDowloadService+BookDetails.swift */ = {isa = PBXFileReference; lastKnownFileType = sourcecode.swift; path = "ImageDowloadService+BookDetails.swift"; sourceTree = "<group>"; };
		BA4645D629EFF02E00F5101F /* BookDetailsImageDowloadServiceAssembler.swift */ = {isa = PBXFileReference; lastKnownFileType = sourcecode.swift; path = BookDetailsImageDowloadServiceAssembler.swift; sourceTree = "<group>"; };
		BA4645D829EFF09C00F5101F /* URLBuilder+BookDetails.swift */ = {isa = PBXFileReference; lastKnownFileType = sourcecode.swift; path = "URLBuilder+BookDetails.swift"; sourceTree = "<group>"; };
		BA4645DA29EFF0B300F5101F /* BookDetailsURLBulderProtocol.swift */ = {isa = PBXFileReference; lastKnownFileType = sourcecode.swift; path = BookDetailsURLBulderProtocol.swift; sourceTree = "<group>"; };
		BA54851529E83EBB0052B9C9 /* OpenLibraryTest.app */ = {isa = PBXFileReference; explicitFileType = wrapper.application; includeInIndex = 0; path = OpenLibraryTest.app; sourceTree = BUILT_PRODUCTS_DIR; };
		BA54851829E83EBB0052B9C9 /* AppDelegate.swift */ = {isa = PBXFileReference; lastKnownFileType = sourcecode.swift; path = AppDelegate.swift; sourceTree = "<group>"; };
		BA54851A29E83EBB0052B9C9 /* SceneDelegate.swift */ = {isa = PBXFileReference; lastKnownFileType = sourcecode.swift; path = SceneDelegate.swift; sourceTree = "<group>"; };
		BA54852129E83EC00052B9C9 /* Assets.xcassets */ = {isa = PBXFileReference; lastKnownFileType = folder.assetcatalog; path = Assets.xcassets; sourceTree = "<group>"; };
		BA54852429E83EC00052B9C9 /* Base */ = {isa = PBXFileReference; lastKnownFileType = file.storyboard; name = Base; path = Base.lproj/LaunchScreen.storyboard; sourceTree = "<group>"; };
		BA54852629E83EC00052B9C9 /* Info.plist */ = {isa = PBXFileReference; lastKnownFileType = text.plist.xml; path = Info.plist; sourceTree = "<group>"; };
		BA54852C29E83F2E0052B9C9 /* BooksListVC.swift */ = {isa = PBXFileReference; lastKnownFileType = sourcecode.swift; path = BooksListVC.swift; sourceTree = "<group>"; };
		BA54852F29E83F640052B9C9 /* BooksListVM.swift */ = {isa = PBXFileReference; lastKnownFileType = sourcecode.swift; path = BooksListVM.swift; sourceTree = "<group>"; };
		BA54853129E83F6D0052B9C9 /* BooksListCoordinator.swift */ = {isa = PBXFileReference; lastKnownFileType = sourcecode.swift; path = BooksListCoordinator.swift; sourceTree = "<group>"; };
		BA54853329E83F7B0052B9C9 /* BooksListAssembler.swift */ = {isa = PBXFileReference; lastKnownFileType = sourcecode.swift; path = BooksListAssembler.swift; sourceTree = "<group>"; };
		BA54853529E83F9A0052B9C9 /* Coordinator.swift */ = {isa = PBXFileReference; lastKnownFileType = sourcecode.swift; path = Coordinator.swift; sourceTree = "<group>"; };
		BA54853729E83FA20052B9C9 /* AppCoordinator.swift */ = {isa = PBXFileReference; lastKnownFileType = sourcecode.swift; path = AppCoordinator.swift; sourceTree = "<group>"; };
		BA54853A29E8408B0052B9C9 /* BooksListVMProtocol.swift */ = {isa = PBXFileReference; lastKnownFileType = sourcecode.swift; path = BooksListVMProtocol.swift; sourceTree = "<group>"; };
		BA54853C29E840950052B9C9 /* BooksListCoordinatorProtocol.swift */ = {isa = PBXFileReference; lastKnownFileType = sourcecode.swift; path = BooksListCoordinatorProtocol.swift; sourceTree = "<group>"; };
		BA54853E29E8409E0052B9C9 /* BooksListRootCoordinatorProtocol.swift */ = {isa = PBXFileReference; lastKnownFileType = sourcecode.swift; path = BooksListRootCoordinatorProtocol.swift; sourceTree = "<group>"; };
		BA54854029E850830052B9C9 /* BooksListVC.xib */ = {isa = PBXFileReference; lastKnownFileType = file.xib; path = BooksListVC.xib; sourceTree = "<group>"; };
		BA54854329E874740052B9C9 /* BookTableViewCell.swift */ = {isa = PBXFileReference; lastKnownFileType = sourcecode.swift; path = BookTableViewCell.swift; sourceTree = "<group>"; };
		BA54854429E874740052B9C9 /* BookTableViewCell.xib */ = {isa = PBXFileReference; lastKnownFileType = file.xib; path = BookTableViewCell.xib; sourceTree = "<group>"; };
		BA54854829E8749D0052B9C9 /* NetworkService.swift */ = {isa = PBXFileReference; lastKnownFileType = sourcecode.swift; path = NetworkService.swift; sourceTree = "<group>"; };
		BA54854B29E8949D0052B9C9 /* BooksListNetworkServiceProtocol.swift */ = {isa = PBXFileReference; lastKnownFileType = sourcecode.swift; path = BooksListNetworkServiceProtocol.swift; sourceTree = "<group>"; };
		BA97FFA929EC1AD00017DEFE /* BooksListVMDelegate.swift */ = {isa = PBXFileReference; lastKnownFileType = sourcecode.swift; path = BooksListVMDelegate.swift; sourceTree = "<group>"; };
		BA97FFAC29EC1C680017DEFE /* BookDetailsCoordinator.swift */ = {isa = PBXFileReference; lastKnownFileType = sourcecode.swift; path = BookDetailsCoordinator.swift; sourceTree = "<group>"; };
		BA97FFAE29EC1C720017DEFE /* BookDetailsAssembler.swift */ = {isa = PBXFileReference; lastKnownFileType = sourcecode.swift; path = BookDetailsAssembler.swift; sourceTree = "<group>"; };
		BA97FFB029EC1C7A0017DEFE /* BookDetailsVM.swift */ = {isa = PBXFileReference; lastKnownFileType = sourcecode.swift; path = BookDetailsVM.swift; sourceTree = "<group>"; };
		BA97FFB229EC1C800017DEFE /* BookDetailsVC.swift */ = {isa = PBXFileReference; lastKnownFileType = sourcecode.swift; path = BookDetailsVC.swift; sourceTree = "<group>"; };
		BA97FFB529EC1C940017DEFE /* BookDetailsRootCoordinatorProtocol.swift */ = {isa = PBXFileReference; lastKnownFileType = sourcecode.swift; path = BookDetailsRootCoordinatorProtocol.swift; sourceTree = "<group>"; };
		BA97FFB729EC1CA10017DEFE /* BookDetailsCoordinatorProtocol.swift */ = {isa = PBXFileReference; lastKnownFileType = sourcecode.swift; path = BookDetailsCoordinatorProtocol.swift; sourceTree = "<group>"; };
		BA97FFB929EC1CB10017DEFE /* BookDetailsVMProtocol.swift */ = {isa = PBXFileReference; lastKnownFileType = sourcecode.swift; path = BookDetailsVMProtocol.swift; sourceTree = "<group>"; };
		BA97FFBB29EC1DAC0017DEFE /* BookDetailsVC.xib */ = {isa = PBXFileReference; lastKnownFileType = file.xib; path = BookDetailsVC.xib; sourceTree = "<group>"; };
		BA97FFC529EC2B730017DEFE /* NetworkService+BooksList.swift */ = {isa = PBXFileReference; lastKnownFileType = sourcecode.swift; path = "NetworkService+BooksList.swift"; sourceTree = "<group>"; };
		BA98AF4A29E9A4A100B0B765 /* BooksListAdapter.swift */ = {isa = PBXFileReference; lastKnownFileType = sourcecode.swift; path = BooksListAdapter.swift; sourceTree = "<group>"; };
		BA98AF4C29E9A4BC00B0B765 /* BooksListAdapterProtocol.swift */ = {isa = PBXFileReference; lastKnownFileType = sourcecode.swift; path = BooksListAdapterProtocol.swift; sourceTree = "<group>"; };
		BA98AF4E29E9A4FF00B0B765 /* BooksListAdapterActionDelegate.swift */ = {isa = PBXFileReference; lastKnownFileType = sourcecode.swift; path = BooksListAdapterActionDelegate.swift; sourceTree = "<group>"; };
		BA98AF5029E9AD1D00B0B765 /* BooksModel.swift */ = {isa = PBXFileReference; lastKnownFileType = sourcecode.swift; path = BooksModel.swift; sourceTree = "<group>"; };
/* End PBXFileReference section */

/* Begin PBXFrameworksBuildPhase section */
		BA54851229E83EBB0052B9C9 /* Frameworks */ = {
			isa = PBXFrameworksBuildPhase;
			buildActionMask = 2147483647;
			files = (
			);
			runOnlyForDeploymentPostprocessing = 0;
		};
/* End PBXFrameworksBuildPhase section */

/* Begin PBXGroup section */
		BA2F7FB929EFB9C800F1B06A /* Protocols */ = {
			isa = PBXGroup;
			children = (
				BA2F7FC429EFE25600F1B06A /* BookCellURLBuilderProtocol.swift */,
				BA2F7FAD29EFB27200F1B06A /* BookCellVMProtocol.swift */,
				BA2F7FAF29EFB30100F1B06A /* BookCellImageDownloadServiceProtocol.swift */,
			);
			path = Protocols;
			sourceTree = "<group>";
		};
		BA2F7FBA29EFB9D500F1B06A /* Extensions */ = {
			isa = PBXGroup;
			children = (
				BA2F7FB529EFB3F900F1B06A /* ImageDownloadService+BookCell.swift */,
				BA2F7FC629EFE2CF00F1B06A /* URLBuilder+BookTableCell.swift */,
			);
			path = Extensions;
			sourceTree = "<group>";
		};
		BA2F7FBD29EFC7BC00F1B06A /* NetworkService */ = {
			isa = PBXGroup;
			children = (
				BA54854829E8749D0052B9C9 /* NetworkService.swift */,
			);
			path = NetworkService;
			sourceTree = "<group>";
		};
		BA2F7FBE29EFC7E700F1B06A /* ImageDowloadService */ = {
			isa = PBXGroup;
			children = (
				BA2F7FA529EFAFC100F1B06A /* ImageDownloadService.swift */,
			);
			path = ImageDowloadService;
			sourceTree = "<group>";
		};
		BA2F7FBF29EFC7F800F1B06A /* ImageCacheService */ = {
			isa = PBXGroup;
			children = (
				BA2F7FA729EFB02F00F1B06A /* ImageCacheService.swift */,
			);
			path = ImageCacheService;
			sourceTree = "<group>";
		};
		BA2F7FC029EFC80300F1B06A /* Models */ = {
			isa = PBXGroup;
			children = (
				BA98AF5029E9AD1D00B0B765 /* BooksModel.swift */,
				BA2F7FBB29EFC16000F1B06A /* Book.swift */,
			);
			path = Models;
			sourceTree = "<group>";
		};
		BA2F7FC129EFC83800F1B06A /* Protocols */ = {
			isa = PBXGroup;
			children = (
				BA98AF4E29E9A4FF00B0B765 /* BooksListAdapterActionDelegate.swift */,
				BA98AF4C29E9A4BC00B0B765 /* BooksListAdapterProtocol.swift */,
			);
			path = Protocols;
			sourceTree = "<group>";
		};
		BA4645D129EFE55B00F5101F /* URLBuilderService */ = {
			isa = PBXGroup;
			children = (
				BA2F7FC229EFD1AB00F1B06A /* URLBuilderService.swift */,
			);
			path = URLBuilderService;
			sourceTree = "<group>";
		};
		BA54850C29E83EBA0052B9C9 = {
			isa = PBXGroup;
			children = (
				BA54851729E83EBB0052B9C9 /* OpenLibraryTest */,
				BA54851629E83EBB0052B9C9 /* Products */,
			);
			sourceTree = "<group>";
		};
		BA54851629E83EBB0052B9C9 /* Products */ = {
			isa = PBXGroup;
			children = (
				BA54851529E83EBB0052B9C9 /* OpenLibraryTest.app */,
			);
			name = Products;
			sourceTree = "<group>";
		};
		BA54851729E83EBB0052B9C9 /* OpenLibraryTest */ = {
			isa = PBXGroup;
			children = (
				BA54851829E83EBB0052B9C9 /* AppDelegate.swift */,
				BA54851A29E83EBB0052B9C9 /* SceneDelegate.swift */,
				BA54853529E83F9A0052B9C9 /* Coordinator.swift */,
				BA54853729E83FA20052B9C9 /* AppCoordinator.swift */,
				BA2F7FC029EFC80300F1B06A /* Models */,
				BA54854729E874850052B9C9 /* Services */,
				BA54854229E86ADD0052B9C9 /* BookTableViewCell */,
				BA54852E29E83F4D0052B9C9 /* BooksListScene */,
				BA97FFAB29EC1C450017DEFE /* BookDetailsScene */,
				BA54852129E83EC00052B9C9 /* Assets.xcassets */,
				BA54852329E83EC00052B9C9 /* LaunchScreen.storyboard */,
				BA54852629E83EC00052B9C9 /* Info.plist */,
			);
			path = OpenLibraryTest;
			sourceTree = "<group>";
		};
		BA54852E29E83F4D0052B9C9 /* BooksListScene */ = {
			isa = PBXGroup;
			children = (
				BA97FFC429EC2B600017DEFE /* Extensions */,
				BA98AF4929E9A47D00B0B765 /* BooksListAdapter */,
				BA54853929E840700052B9C9 /* Protocols */,
				BA54853129E83F6D0052B9C9 /* BooksListCoordinator.swift */,
				BA54853329E83F7B0052B9C9 /* BooksListAssembler.swift */,
				BA54852F29E83F640052B9C9 /* BooksListVM.swift */,
				BA54852C29E83F2E0052B9C9 /* BooksListVC.swift */,
				BA54854029E850830052B9C9 /* BooksListVC.xib */,
			);
			path = BooksListScene;
			sourceTree = "<group>";
		};
		BA54853929E840700052B9C9 /* Protocols */ = {
			isa = PBXGroup;
			children = (
				BA54853A29E8408B0052B9C9 /* BooksListVMProtocol.swift */,
				BA54853C29E840950052B9C9 /* BooksListCoordinatorProtocol.swift */,
				BA54853E29E8409E0052B9C9 /* BooksListRootCoordinatorProtocol.swift */,
				BA54854B29E8949D0052B9C9 /* BooksListNetworkServiceProtocol.swift */,
				BA97FFA929EC1AD00017DEFE /* BooksListVMDelegate.swift */,
			);
			path = Protocols;
			sourceTree = "<group>";
		};
		BA54854229E86ADD0052B9C9 /* BookTableViewCell */ = {
			isa = PBXGroup;
			children = (
				BA2F7FBA29EFB9D500F1B06A /* Extensions */,
				BA2F7FB929EFB9C800F1B06A /* Protocols */,
				BA2F7FB729EFB86800F1B06A /* ImageDownloadServiceAssembler.swift */,
				BA2F7FAB29EFB15200F1B06A /* BookCellVMAssembler.swift */,
				BA2F7FA929EFB08400F1B06A /* BookCellVM.swift */,
				BA54854329E874740052B9C9 /* BookTableViewCell.swift */,
				BA54854429E874740052B9C9 /* BookTableViewCell.xib */,
			);
			path = BookTableViewCell;
			sourceTree = "<group>";
		};
		BA54854729E874850052B9C9 /* Services */ = {
			isa = PBXGroup;
			children = (
				BA4645D129EFE55B00F5101F /* URLBuilderService */,
				BA2F7FBF29EFC7F800F1B06A /* ImageCacheService */,
				BA2F7FBE29EFC7E700F1B06A /* ImageDowloadService */,
				BA2F7FBD29EFC7BC00F1B06A /* NetworkService */,
			);
			path = Services;
			sourceTree = "<group>";
		};
		BA97FFAB29EC1C450017DEFE /* BookDetailsScene */ = {
			isa = PBXGroup;
			children = (
				BA97FFBF29EC2A830017DEFE /* Extension */,
				BA97FFB429EC1C830017DEFE /* Protocols */,
				BA97FFAC29EC1C680017DEFE /* BookDetailsCoordinator.swift */,
				BA4645D629EFF02E00F5101F /* BookDetailsImageDowloadServiceAssembler.swift */,
				BA97FFAE29EC1C720017DEFE /* BookDetailsAssembler.swift */,
				BA97FFB029EC1C7A0017DEFE /* BookDetailsVM.swift */,
				BA97FFB229EC1C800017DEFE /* BookDetailsVC.swift */,
				BA97FFBB29EC1DAC0017DEFE /* BookDetailsVC.xib */,
			);
			path = BookDetailsScene;
			sourceTree = "<group>";
		};
		BA97FFB429EC1C830017DEFE /* Protocols */ = {
			isa = PBXGroup;
			children = (
				BA97FFB529EC1C940017DEFE /* BookDetailsRootCoordinatorProtocol.swift */,
				BA97FFB729EC1CA10017DEFE /* BookDetailsCoordinatorProtocol.swift */,
				BA97FFB929EC1CB10017DEFE /* BookDetailsVMProtocol.swift */,
				BA4645DA29EFF0B300F5101F /* BookDetailsURLBulderProtocol.swift */,
				BA4645D229EFEDF200F5101F /* BookDetailsImageServiceProtocol.swift */,
			);
			path = Protocols;
			sourceTree = "<group>";
		};
		BA97FFBF29EC2A830017DEFE /* Extension */ = {
			isa = PBXGroup;
			children = (
				BA4645D429EFEE1300F5101F /* ImageDowloadService+BookDetails.swift */,
				BA4645D829EFF09C00F5101F /* URLBuilder+BookDetails.swift */,
			);
			path = Extension;
			sourceTree = "<group>";
		};
		BA97FFC429EC2B600017DEFE /* Extensions */ = {
			isa = PBXGroup;
			children = (
				BA97FFC529EC2B730017DEFE /* NetworkService+BooksList.swift */,
			);
			path = Extensions;
			sourceTree = "<group>";
		};
		BA98AF4929E9A47D00B0B765 /* BooksListAdapter */ = {
			isa = PBXGroup;
			children = (
				BA2F7FC129EFC83800F1B06A /* Protocols */,
				BA98AF4A29E9A4A100B0B765 /* BooksListAdapter.swift */,
			);
			path = BooksListAdapter;
			sourceTree = "<group>";
		};
/* End PBXGroup section */

/* Begin PBXNativeTarget section */
		BA54851429E83EBB0052B9C9 /* OpenLibraryTest */ = {
			isa = PBXNativeTarget;
			buildConfigurationList = BA54852929E83EC00052B9C9 /* Build configuration list for PBXNativeTarget "OpenLibraryTest" */;
			buildPhases = (
				BA54851129E83EBB0052B9C9 /* Sources */,
				BA54851229E83EBB0052B9C9 /* Frameworks */,
				BA54851329E83EBB0052B9C9 /* Resources */,
			);
			buildRules = (
			);
			dependencies = (
			);
			name = OpenLibraryTest;
			productName = OpenLibraryTest;
			productReference = BA54851529E83EBB0052B9C9 /* OpenLibraryTest.app */;
			productType = "com.apple.product-type.application";
		};
/* End PBXNativeTarget section */

/* Begin PBXProject section */
		BA54850D29E83EBA0052B9C9 /* Project object */ = {
			isa = PBXProject;
			attributes = {
				BuildIndependentTargetsInParallel = 1;
				LastSwiftUpdateCheck = 1420;
				LastUpgradeCheck = 1420;
				TargetAttributes = {
					BA54851429E83EBB0052B9C9 = {
						CreatedOnToolsVersion = 14.2;
					};
				};
			};
			buildConfigurationList = BA54851029E83EBA0052B9C9 /* Build configuration list for PBXProject "OpenLibraryTest" */;
			compatibilityVersion = "Xcode 14.0";
			developmentRegion = en;
			hasScannedForEncodings = 0;
			knownRegions = (
				en,
				Base,
			);
			mainGroup = BA54850C29E83EBA0052B9C9;
			productRefGroup = BA54851629E83EBB0052B9C9 /* Products */;
			projectDirPath = "";
			projectRoot = "";
			targets = (
				BA54851429E83EBB0052B9C9 /* OpenLibraryTest */,
			);
		};
/* End PBXProject section */

/* Begin PBXResourcesBuildPhase section */
		BA54851329E83EBB0052B9C9 /* Resources */ = {
			isa = PBXResourcesBuildPhase;
			buildActionMask = 2147483647;
			files = (
				BA54854629E874740052B9C9 /* BookTableViewCell.xib in Resources */,
				BA54854129E850830052B9C9 /* BooksListVC.xib in Resources */,
				BA97FFBC29EC1DAC0017DEFE /* BookDetailsVC.xib in Resources */,
				BA54852529E83EC00052B9C9 /* LaunchScreen.storyboard in Resources */,
				BA54852229E83EC00052B9C9 /* Assets.xcassets in Resources */,
			);
			runOnlyForDeploymentPostprocessing = 0;
		};
/* End PBXResourcesBuildPhase section */

/* Begin PBXSourcesBuildPhase section */
		BA54851129E83EBB0052B9C9 /* Sources */ = {
			isa = PBXSourcesBuildPhase;
			buildActionMask = 2147483647;
			files = (
				BA2F7FB629EFB3F900F1B06A /* ImageDownloadService+BookCell.swift in Sources */,
				BA54851929E83EBB0052B9C9 /* AppDelegate.swift in Sources */,
				BA54853429E83F7B0052B9C9 /* BooksListAssembler.swift in Sources */,
				BA2F7FC529EFE25600F1B06A /* BookCellURLBuilderProtocol.swift in Sources */,
				BA54853B29E8408B0052B9C9 /* BooksListVMProtocol.swift in Sources */,
				BA4645D729EFF02E00F5101F /* BookDetailsImageDowloadServiceAssembler.swift in Sources */,
				BA2F7FB029EFB30100F1B06A /* BookCellImageDownloadServiceProtocol.swift in Sources */,
				BA54853D29E840950052B9C9 /* BooksListCoordinatorProtocol.swift in Sources */,
				BA97FFB129EC1C7A0017DEFE /* BookDetailsVM.swift in Sources */,
				BA4645D929EFF09C00F5101F /* URLBuilder+BookDetails.swift in Sources */,
				BA97FFAF29EC1C720017DEFE /* BookDetailsAssembler.swift in Sources */,
				BA2F7FAE29EFB27200F1B06A /* BookCellVMProtocol.swift in Sources */,
				BA4645DB29EFF0B300F5101F /* BookDetailsURLBulderProtocol.swift in Sources */,
				BA97FFC629EC2B730017DEFE /* NetworkService+BooksList.swift in Sources */,
				BA2F7FAA29EFB08400F1B06A /* BookCellVM.swift in Sources */,
				BA97FFB629EC1C940017DEFE /* BookDetailsRootCoordinatorProtocol.swift in Sources */,
				BA54854529E874740052B9C9 /* BookTableViewCell.swift in Sources */,
				BA2F7FA629EFAFC100F1B06A /* ImageDownloadService.swift in Sources */,
				BA97FFB329EC1C800017DEFE /* BookDetailsVC.swift in Sources */,
				BA54853029E83F640052B9C9 /* BooksListVM.swift in Sources */,
				BA98AF5129E9AD1D00B0B765 /* BooksModel.swift in Sources */,
				BA98AF4D29E9A4BC00B0B765 /* BooksListAdapterProtocol.swift in Sources */,
				BA54853229E83F6D0052B9C9 /* BooksListCoordinator.swift in Sources */,
				BA54853829E83FA20052B9C9 /* AppCoordinator.swift in Sources */,
				BA97FFBA29EC1CB10017DEFE /* BookDetailsVMProtocol.swift in Sources */,
				BA2F7FBC29EFC16000F1B06A /* Book.swift in Sources */,
				BA54852D29E83F2E0052B9C9 /* BooksListVC.swift in Sources */,
				BA54851B29E83EBB0052B9C9 /* SceneDelegate.swift in Sources */,
				BA4645D329EFEDF200F5101F /* BookDetailsImageServiceProtocol.swift in Sources */,
				BA97FFAD29EC1C680017DEFE /* BookDetailsCoordinator.swift in Sources */,
				BA98AF4F29E9A4FF00B0B765 /* BooksListAdapterActionDelegate.swift in Sources */,
				BA2F7FA829EFB02F00F1B06A /* ImageCacheService.swift in Sources */,
				BA4645D529EFEE1300F5101F /* ImageDowloadService+BookDetails.swift in Sources */,
				BA54854C29E8949D0052B9C9 /* BooksListNetworkServiceProtocol.swift in Sources */,
				BA2F7FC729EFE2CF00F1B06A /* URLBuilder+BookTableCell.swift in Sources */,
				BA2F7FAC29EFB15200F1B06A /* BookCellVMAssembler.swift in Sources */,
				BA54853F29E8409E0052B9C9 /* BooksListRootCoordinatorProtocol.swift in Sources */,
				BA97FFB829EC1CA10017DEFE /* BookDetailsCoordinatorProtocol.swift in Sources */,
				BA2F7FC329EFD1AC00F1B06A /* URLBuilderService.swift in Sources */,
				BA97FFAA29EC1AD00017DEFE /* BooksListVMDelegate.swift in Sources */,
				BA98AF4B29E9A4A100B0B765 /* BooksListAdapter.swift in Sources */,
				BA2F7FB829EFB86800F1B06A /* ImageDownloadServiceAssembler.swift in Sources */,
				BA54854929E8749D0052B9C9 /* NetworkService.swift in Sources */,
				BA54853629E83F9A0052B9C9 /* Coordinator.swift in Sources */,
			);
			runOnlyForDeploymentPostprocessing = 0;
		};
/* End PBXSourcesBuildPhase section */

/* Begin PBXVariantGroup section */
		BA54852329E83EC00052B9C9 /* LaunchScreen.storyboard */ = {
			isa = PBXVariantGroup;
			children = (
				BA54852429E83EC00052B9C9 /* Base */,
			);
			name = LaunchScreen.storyboard;
			sourceTree = "<group>";
		};
/* End PBXVariantGroup section */

/* Begin XCBuildConfiguration section */
		BA54852729E83EC00052B9C9 /* Debug */ = {
			isa = XCBuildConfiguration;
			buildSettings = {
				ALWAYS_SEARCH_USER_PATHS = NO;
				CLANG_ANALYZER_NONNULL = YES;
				CLANG_ANALYZER_NUMBER_OBJECT_CONVERSION = YES_AGGRESSIVE;
				CLANG_CXX_LANGUAGE_STANDARD = "gnu++20";
				CLANG_ENABLE_MODULES = YES;
				CLANG_ENABLE_OBJC_ARC = YES;
				CLANG_ENABLE_OBJC_WEAK = YES;
				CLANG_WARN_BLOCK_CAPTURE_AUTORELEASING = YES;
				CLANG_WARN_BOOL_CONVERSION = YES;
				CLANG_WARN_COMMA = YES;
				CLANG_WARN_CONSTANT_CONVERSION = YES;
				CLANG_WARN_DEPRECATED_OBJC_IMPLEMENTATIONS = YES;
				CLANG_WARN_DIRECT_OBJC_ISA_USAGE = YES_ERROR;
				CLANG_WARN_DOCUMENTATION_COMMENTS = YES;
				CLANG_WARN_EMPTY_BODY = YES;
				CLANG_WARN_ENUM_CONVERSION = YES;
				CLANG_WARN_INFINITE_RECURSION = YES;
				CLANG_WARN_INT_CONVERSION = YES;
				CLANG_WARN_NON_LITERAL_NULL_CONVERSION = YES;
				CLANG_WARN_OBJC_IMPLICIT_RETAIN_SELF = YES;
				CLANG_WARN_OBJC_LITERAL_CONVERSION = YES;
				CLANG_WARN_OBJC_ROOT_CLASS = YES_ERROR;
				CLANG_WARN_QUOTED_INCLUDE_IN_FRAMEWORK_HEADER = YES;
				CLANG_WARN_RANGE_LOOP_ANALYSIS = YES;
				CLANG_WARN_STRICT_PROTOTYPES = YES;
				CLANG_WARN_SUSPICIOUS_MOVE = YES;
				CLANG_WARN_UNGUARDED_AVAILABILITY = YES_AGGRESSIVE;
				CLANG_WARN_UNREACHABLE_CODE = YES;
				CLANG_WARN__DUPLICATE_METHOD_MATCH = YES;
				COPY_PHASE_STRIP = NO;
				DEBUG_INFORMATION_FORMAT = dwarf;
				ENABLE_STRICT_OBJC_MSGSEND = YES;
				ENABLE_TESTABILITY = YES;
				GCC_C_LANGUAGE_STANDARD = gnu11;
				GCC_DYNAMIC_NO_PIC = NO;
				GCC_NO_COMMON_BLOCKS = YES;
				GCC_OPTIMIZATION_LEVEL = 0;
				GCC_PREPROCESSOR_DEFINITIONS = (
					"DEBUG=1",
					"$(inherited)",
				);
				GCC_WARN_64_TO_32_BIT_CONVERSION = YES;
				GCC_WARN_ABOUT_RETURN_TYPE = YES_ERROR;
				GCC_WARN_UNDECLARED_SELECTOR = YES;
				GCC_WARN_UNINITIALIZED_AUTOS = YES_AGGRESSIVE;
				GCC_WARN_UNUSED_FUNCTION = YES;
				GCC_WARN_UNUSED_VARIABLE = YES;
				IPHONEOS_DEPLOYMENT_TARGET = 16.2;
				MTL_ENABLE_DEBUG_INFO = INCLUDE_SOURCE;
				MTL_FAST_MATH = YES;
				ONLY_ACTIVE_ARCH = YES;
				SDKROOT = iphoneos;
				SWIFT_ACTIVE_COMPILATION_CONDITIONS = DEBUG;
				SWIFT_OPTIMIZATION_LEVEL = "-Onone";
			};
			name = Debug;
		};
		BA54852829E83EC00052B9C9 /* Release */ = {
			isa = XCBuildConfiguration;
			buildSettings = {
				ALWAYS_SEARCH_USER_PATHS = NO;
				CLANG_ANALYZER_NONNULL = YES;
				CLANG_ANALYZER_NUMBER_OBJECT_CONVERSION = YES_AGGRESSIVE;
				CLANG_CXX_LANGUAGE_STANDARD = "gnu++20";
				CLANG_ENABLE_MODULES = YES;
				CLANG_ENABLE_OBJC_ARC = YES;
				CLANG_ENABLE_OBJC_WEAK = YES;
				CLANG_WARN_BLOCK_CAPTURE_AUTORELEASING = YES;
				CLANG_WARN_BOOL_CONVERSION = YES;
				CLANG_WARN_COMMA = YES;
				CLANG_WARN_CONSTANT_CONVERSION = YES;
				CLANG_WARN_DEPRECATED_OBJC_IMPLEMENTATIONS = YES;
				CLANG_WARN_DIRECT_OBJC_ISA_USAGE = YES_ERROR;
				CLANG_WARN_DOCUMENTATION_COMMENTS = YES;
				CLANG_WARN_EMPTY_BODY = YES;
				CLANG_WARN_ENUM_CONVERSION = YES;
				CLANG_WARN_INFINITE_RECURSION = YES;
				CLANG_WARN_INT_CONVERSION = YES;
				CLANG_WARN_NON_LITERAL_NULL_CONVERSION = YES;
				CLANG_WARN_OBJC_IMPLICIT_RETAIN_SELF = YES;
				CLANG_WARN_OBJC_LITERAL_CONVERSION = YES;
				CLANG_WARN_OBJC_ROOT_CLASS = YES_ERROR;
				CLANG_WARN_QUOTED_INCLUDE_IN_FRAMEWORK_HEADER = YES;
				CLANG_WARN_RANGE_LOOP_ANALYSIS = YES;
				CLANG_WARN_STRICT_PROTOTYPES = YES;
				CLANG_WARN_SUSPICIOUS_MOVE = YES;
				CLANG_WARN_UNGUARDED_AVAILABILITY = YES_AGGRESSIVE;
				CLANG_WARN_UNREACHABLE_CODE = YES;
				CLANG_WARN__DUPLICATE_METHOD_MATCH = YES;
				COPY_PHASE_STRIP = NO;
				DEBUG_INFORMATION_FORMAT = "dwarf-with-dsym";
				ENABLE_NS_ASSERTIONS = NO;
				ENABLE_STRICT_OBJC_MSGSEND = YES;
				GCC_C_LANGUAGE_STANDARD = gnu11;
				GCC_NO_COMMON_BLOCKS = YES;
				GCC_WARN_64_TO_32_BIT_CONVERSION = YES;
				GCC_WARN_ABOUT_RETURN_TYPE = YES_ERROR;
				GCC_WARN_UNDECLARED_SELECTOR = YES;
				GCC_WARN_UNINITIALIZED_AUTOS = YES_AGGRESSIVE;
				GCC_WARN_UNUSED_FUNCTION = YES;
				GCC_WARN_UNUSED_VARIABLE = YES;
				IPHONEOS_DEPLOYMENT_TARGET = 16.2;
				MTL_ENABLE_DEBUG_INFO = NO;
				MTL_FAST_MATH = YES;
				SDKROOT = iphoneos;
				SWIFT_COMPILATION_MODE = wholemodule;
				SWIFT_OPTIMIZATION_LEVEL = "-O";
				VALIDATE_PRODUCT = YES;
			};
			name = Release;
		};
		BA54852A29E83EC00052B9C9 /* Debug */ = {
			isa = XCBuildConfiguration;
			buildSettings = {
				ASSETCATALOG_COMPILER_APPICON_NAME = AppIcon;
				ASSETCATALOG_COMPILER_GLOBAL_ACCENT_COLOR_NAME = AccentColor;
				CODE_SIGN_STYLE = Automatic;
				CURRENT_PROJECT_VERSION = 1;
				DEVELOPMENT_TEAM = 7K2V3SXGB3;
				GENERATE_INFOPLIST_FILE = YES;
				INFOPLIST_FILE = OpenLibraryTest/Info.plist;
				INFOPLIST_KEY_UIApplicationSupportsIndirectInputEvents = YES;
				INFOPLIST_KEY_UILaunchStoryboardName = LaunchScreen;
				INFOPLIST_KEY_UISupportedInterfaceOrientations_iPad = "UIInterfaceOrientationPortrait UIInterfaceOrientationPortraitUpsideDown UIInterfaceOrientationLandscapeLeft UIInterfaceOrientationLandscapeRight";
				INFOPLIST_KEY_UISupportedInterfaceOrientations_iPhone = "UIInterfaceOrientationPortrait UIInterfaceOrientationLandscapeLeft UIInterfaceOrientationLandscapeRight";
				LD_RUNPATH_SEARCH_PATHS = (
					"$(inherited)",
					"@executable_path/Frameworks",
				);
				MARKETING_VERSION = 1.0;
				PRODUCT_BUNDLE_IDENTIFIER = Project.OpenLibraryTest;
				PRODUCT_NAME = "$(TARGET_NAME)";
				SWIFT_EMIT_LOC_STRINGS = YES;
				SWIFT_VERSION = 5.0;
				TARGETED_DEVICE_FAMILY = "1,2";
			};
			name = Debug;
		};
		BA54852B29E83EC00052B9C9 /* Release */ = {
			isa = XCBuildConfiguration;
			buildSettings = {
				ASSETCATALOG_COMPILER_APPICON_NAME = AppIcon;
				ASSETCATALOG_COMPILER_GLOBAL_ACCENT_COLOR_NAME = AccentColor;
				CODE_SIGN_STYLE = Automatic;
				CURRENT_PROJECT_VERSION = 1;
				DEVELOPMENT_TEAM = 7K2V3SXGB3;
				GENERATE_INFOPLIST_FILE = YES;
				INFOPLIST_FILE = OpenLibraryTest/Info.plist;
				INFOPLIST_KEY_UIApplicationSupportsIndirectInputEvents = YES;
				INFOPLIST_KEY_UILaunchStoryboardName = LaunchScreen;
				INFOPLIST_KEY_UISupportedInterfaceOrientations_iPad = "UIInterfaceOrientationPortrait UIInterfaceOrientationPortraitUpsideDown UIInterfaceOrientationLandscapeLeft UIInterfaceOrientationLandscapeRight";
				INFOPLIST_KEY_UISupportedInterfaceOrientations_iPhone = "UIInterfaceOrientationPortrait UIInterfaceOrientationLandscapeLeft UIInterfaceOrientationLandscapeRight";
				LD_RUNPATH_SEARCH_PATHS = (
					"$(inherited)",
					"@executable_path/Frameworks",
				);
				MARKETING_VERSION = 1.0;
				PRODUCT_BUNDLE_IDENTIFIER = Project.OpenLibraryTest;
				PRODUCT_NAME = "$(TARGET_NAME)";
				SWIFT_EMIT_LOC_STRINGS = YES;
				SWIFT_VERSION = 5.0;
				TARGETED_DEVICE_FAMILY = "1,2";
			};
			name = Release;
		};
/* End XCBuildConfiguration section */

/* Begin XCConfigurationList section */
		BA54851029E83EBA0052B9C9 /* Build configuration list for PBXProject "OpenLibraryTest" */ = {
			isa = XCConfigurationList;
			buildConfigurations = (
				BA54852729E83EC00052B9C9 /* Debug */,
				BA54852829E83EC00052B9C9 /* Release */,
			);
			defaultConfigurationIsVisible = 0;
			defaultConfigurationName = Release;
		};
		BA54852929E83EC00052B9C9 /* Build configuration list for PBXNativeTarget "OpenLibraryTest" */ = {
			isa = XCConfigurationList;
			buildConfigurations = (
				BA54852A29E83EC00052B9C9 /* Debug */,
				BA54852B29E83EC00052B9C9 /* Release */,
			);
			defaultConfigurationIsVisible = 0;
			defaultConfigurationName = Release;
		};
/* End XCConfigurationList section */
	};
	rootObject = BA54850D29E83EBA0052B9C9 /* Project object */;
}
